// !$*UTF8*$!
{
	archiveVersion = 1;
	classes = {
	};
	objectVersion = 50;
	objects = {

/* Begin PBXBuildFile section */
		6B2FCDDB20C25B4F00A2E6E7 /* AppDelegate.swift in Sources */ = {isa = PBXBuildFile; fileRef = 6B2FCDDA20C25B4F00A2E6E7 /* AppDelegate.swift */; };
		6B2FCDDD20C25B4F00A2E6E7 /* ViewController.swift in Sources */ = {isa = PBXBuildFile; fileRef = 6B2FCDDC20C25B4F00A2E6E7 /* ViewController.swift */; };
		6B2FCDE020C25B4F00A2E6E7 /* Main.storyboard in Resources */ = {isa = PBXBuildFile; fileRef = 6B2FCDDE20C25B4F00A2E6E7 /* Main.storyboard */; };
		6B2FCDE320C25B4F00A2E6E7 /* phoneBookAPP_Demo.xcdatamodeld in Sources */ = {isa = PBXBuildFile; fileRef = 6B2FCDE120C25B4F00A2E6E7 /* phoneBookAPP_Demo.xcdatamodeld */; };
		6B2FCDE520C25B5100A2E6E7 /* Assets.xcassets in Resources */ = {isa = PBXBuildFile; fileRef = 6B2FCDE420C25B5100A2E6E7 /* Assets.xcassets */; };
		6B2FCDE820C25B5100A2E6E7 /* LaunchScreen.storyboard in Resources */ = {isa = PBXBuildFile; fileRef = 6B2FCDE620C25B5100A2E6E7 /* LaunchScreen.storyboard */; };
		6B2FCDF320C25B5100A2E6E7 /* phoneBookAPP_DemoTests.swift in Sources */ = {isa = PBXBuildFile; fileRef = 6B2FCDF220C25B5100A2E6E7 /* phoneBookAPP_DemoTests.swift */; };
		6B2FCDFE20C25B5100A2E6E7 /* phoneBookAPP_DemoUITests.swift in Sources */ = {isa = PBXBuildFile; fileRef = 6B2FCDFD20C25B5100A2E6E7 /* phoneBookAPP_DemoUITests.swift */; };
		6B2FCE0C20C2690C00A2E6E7 /* SaveContactViewController.swift in Sources */ = {isa = PBXBuildFile; fileRef = 6B2FCE0B20C2690C00A2E6E7 /* SaveContactViewController.swift */; };
/* End PBXBuildFile section */

/* Begin PBXContainerItemProxy section */
		6B2FCDEF20C25B5100A2E6E7 /* PBXContainerItemProxy */ = {
			isa = PBXContainerItemProxy;
			containerPortal = 6B2FCDCF20C25B4F00A2E6E7 /* Project object */;
			proxyType = 1;
			remoteGlobalIDString = 6B2FCDD620C25B4F00A2E6E7;
			remoteInfo = "phoneBookAPP Demo";
		};
		6B2FCDFA20C25B5100A2E6E7 /* PBXContainerItemProxy */ = {
			isa = PBXContainerItemProxy;
			containerPortal = 6B2FCDCF20C25B4F00A2E6E7 /* Project object */;
			proxyType = 1;
			remoteGlobalIDString = 6B2FCDD620C25B4F00A2E6E7;
			remoteInfo = "phoneBookAPP Demo";
		};
/* End PBXContainerItemProxy section */

/* Begin PBXFileReference section */
		6B2FCDD720C25B4F00A2E6E7 /* phoneBookAPP Demo.app */ = {isa = PBXFileReference; explicitFileType = wrapper.application; includeInIndex = 0; path = "phoneBookAPP Demo.app"; sourceTree = BUILT_PRODUCTS_DIR; };
		6B2FCDDA20C25B4F00A2E6E7 /* AppDelegate.swift */ = {isa = PBXFileReference; lastKnownFileType = sourcecode.swift; path = AppDelegate.swift; sourceTree = "<group>"; };
		6B2FCDDC20C25B4F00A2E6E7 /* ViewController.swift */ = {isa = PBXFileReference; lastKnownFileType = sourcecode.swift; path = ViewController.swift; sourceTree = "<group>"; };
		6B2FCDDF20C25B4F00A2E6E7 /* Base */ = {isa = PBXFileReference; lastKnownFileType = file.storyboard; name = Base; path = Base.lproj/Main.storyboard; sourceTree = "<group>"; };
		6B2FCDE220C25B4F00A2E6E7 /* phoneBookAPP_Demo.xcdatamodel */ = {isa = PBXFileReference; lastKnownFileType = wrapper.xcdatamodel; path = phoneBookAPP_Demo.xcdatamodel; sourceTree = "<group>"; };
		6B2FCDE420C25B5100A2E6E7 /* Assets.xcassets */ = {isa = PBXFileReference; lastKnownFileType = folder.assetcatalog; path = Assets.xcassets; sourceTree = "<group>"; };
		6B2FCDE720C25B5100A2E6E7 /* Base */ = {isa = PBXFileReference; lastKnownFileType = file.storyboard; name = Base; path = Base.lproj/LaunchScreen.storyboard; sourceTree = "<group>"; };
		6B2FCDE920C25B5100A2E6E7 /* Info.plist */ = {isa = PBXFileReference; lastKnownFileType = text.plist.xml; path = Info.plist; sourceTree = "<group>"; };
		6B2FCDEE20C25B5100A2E6E7 /* phoneBookAPP DemoTests.xctest */ = {isa = PBXFileReference; explicitFileType = wrapper.cfbundle; includeInIndex = 0; path = "phoneBookAPP DemoTests.xctest"; sourceTree = BUILT_PRODUCTS_DIR; };
		6B2FCDF220C25B5100A2E6E7 /* phoneBookAPP_DemoTests.swift */ = {isa = PBXFileReference; lastKnownFileType = sourcecode.swift; path = phoneBookAPP_DemoTests.swift; sourceTree = "<group>"; };
		6B2FCDF420C25B5100A2E6E7 /* Info.plist */ = {isa = PBXFileReference; lastKnownFileType = text.plist.xml; path = Info.plist; sourceTree = "<group>"; };
		6B2FCDF920C25B5100A2E6E7 /* phoneBookAPP DemoUITests.xctest */ = {isa = PBXFileReference; explicitFileType = wrapper.cfbundle; includeInIndex = 0; path = "phoneBookAPP DemoUITests.xctest"; sourceTree = BUILT_PRODUCTS_DIR; };
		6B2FCDFD20C25B5100A2E6E7 /* phoneBookAPP_DemoUITests.swift */ = {isa = PBXFileReference; lastKnownFileType = sourcecode.swift; path = phoneBookAPP_DemoUITests.swift; sourceTree = "<group>"; };
		6B2FCDFF20C25B5100A2E6E7 /* Info.plist */ = {isa = PBXFileReference; lastKnownFileType = text.plist.xml; path = Info.plist; sourceTree = "<group>"; };
		6B2FCE0B20C2690C00A2E6E7 /* SaveContactViewController.swift */ = {isa = PBXFileReference; lastKnownFileType = sourcecode.swift; path = SaveContactViewController.swift; sourceTree = "<group>"; };
/* End PBXFileReference section */

/* Begin PBXFrameworksBuildPhase section */
		6B2FCDD420C25B4F00A2E6E7 /* Frameworks */ = {
			isa = PBXFrameworksBuildPhase;
			buildActionMask = 2147483647;
			files = (
			);
			runOnlyForDeploymentPostprocessing = 0;
		};
		6B2FCDEB20C25B5100A2E6E7 /* Frameworks */ = {
			isa = PBXFrameworksBuildPhase;
			buildActionMask = 2147483647;
			files = (
			);
			runOnlyForDeploymentPostprocessing = 0;
		};
		6B2FCDF620C25B5100A2E6E7 /* Frameworks */ = {
			isa = PBXFrameworksBuildPhase;
			buildActionMask = 2147483647;
			files = (
			);
			runOnlyForDeploymentPostprocessing = 0;
		};
/* End PBXFrameworksBuildPhase section */

/* Begin PBXGroup section */
		6B2FCDCE20C25B4F00A2E6E7 = {
			isa = PBXGroup;
			children = (
				6B2FCDD920C25B4F00A2E6E7 /* phoneBookAPP Demo */,
				6B2FCDF120C25B5100A2E6E7 /* phoneBookAPP DemoTests */,
				6B2FCDFC20C25B5100A2E6E7 /* phoneBookAPP DemoUITests */,
				6B2FCDD820C25B4F00A2E6E7 /* Products */,
			);
			sourceTree = "<group>";
		};
		6B2FCDD820C25B4F00A2E6E7 /* Products */ = {
			isa = PBXGroup;
			children = (
				6B2FCDD720C25B4F00A2E6E7 /* phoneBookAPP Demo.app */,
				6B2FCDEE20C25B5100A2E6E7 /* phoneBookAPP DemoTests.xctest */,
				6B2FCDF920C25B5100A2E6E7 /* phoneBookAPP DemoUITests.xctest */,
			);
			name = Products;
			sourceTree = "<group>";
		};
		6B2FCDD920C25B4F00A2E6E7 /* phoneBookAPP Demo */ = {
			isa = PBXGroup;
			children = (
				6B2FCDDA20C25B4F00A2E6E7 /* AppDelegate.swift */,
				6B2FCE0D20C2957D00A2E6E7 /* ViewControllers */,
				6B2FCDDE20C25B4F00A2E6E7 /* Main.storyboard */,
				6B2FCDE420C25B5100A2E6E7 /* Assets.xcassets */,
				6B2FCDE620C25B5100A2E6E7 /* LaunchScreen.storyboard */,
				6B2FCDE920C25B5100A2E6E7 /* Info.plist */,
				6B2FCDE120C25B4F00A2E6E7 /* phoneBookAPP_Demo.xcdatamodeld */,
			);
			path = "phoneBookAPP Demo";
			sourceTree = "<group>";
		};
		6B2FCDF120C25B5100A2E6E7 /* phoneBookAPP DemoTests */ = {
			isa = PBXGroup;
			children = (
				6B2FCDF220C25B5100A2E6E7 /* phoneBookAPP_DemoTests.swift */,
				6B2FCDF420C25B5100A2E6E7 /* Info.plist */,
			);
			path = "phoneBookAPP DemoTests";
			sourceTree = "<group>";
		};
		6B2FCDFC20C25B5100A2E6E7 /* phoneBookAPP DemoUITests */ = {
			isa = PBXGroup;
			children = (
				6B2FCDFD20C25B5100A2E6E7 /* phoneBookAPP_DemoUITests.swift */,
				6B2FCDFF20C25B5100A2E6E7 /* Info.plist */,
			);
			path = "phoneBookAPP DemoUITests";
			sourceTree = "<group>";
		};
		6B2FCE0D20C2957D00A2E6E7 /* ViewControllers */ = {
			isa = PBXGroup;
			children = (
				6B2FCDDC20C25B4F00A2E6E7 /* ViewController.swift */,
				6B2FCE0B20C2690C00A2E6E7 /* SaveContactViewController.swift */,
			);
			path = ViewControllers;
			sourceTree = "<group>";
		};
/* End PBXGroup section */

/* Begin PBXNativeTarget section */
		6B2FCDD620C25B4F00A2E6E7 /* phoneBookAPP Demo */ = {
			isa = PBXNativeTarget;
			buildConfigurationList = 6B2FCE0220C25B5100A2E6E7 /* Build configuration list for PBXNativeTarget "phoneBookAPP Demo" */;
			buildPhases = (
				6B2FCDD320C25B4F00A2E6E7 /* Sources */,
				6B2FCDD420C25B4F00A2E6E7 /* Frameworks */,
				6B2FCDD520C25B4F00A2E6E7 /* Resources */,
			);
			buildRules = (
			);
			dependencies = (
			);
			name = "phoneBookAPP Demo";
			productName = "phoneBookAPP Demo";
			productReference = 6B2FCDD720C25B4F00A2E6E7 /* phoneBookAPP Demo.app */;
			productType = "com.apple.product-type.application";
		};
		6B2FCDED20C25B5100A2E6E7 /* phoneBookAPP DemoTests */ = {
			isa = PBXNativeTarget;
			buildConfigurationList = 6B2FCE0520C25B5100A2E6E7 /* Build configuration list for PBXNativeTarget "phoneBookAPP DemoTests" */;
			buildPhases = (
				6B2FCDEA20C25B5100A2E6E7 /* Sources */,
				6B2FCDEB20C25B5100A2E6E7 /* Frameworks */,
				6B2FCDEC20C25B5100A2E6E7 /* Resources */,
			);
			buildRules = (
			);
			dependencies = (
				6B2FCDF020C25B5100A2E6E7 /* PBXTargetDependency */,
			);
			name = "phoneBookAPP DemoTests";
			productName = "phoneBookAPP DemoTests";
			productReference = 6B2FCDEE20C25B5100A2E6E7 /* phoneBookAPP DemoTests.xctest */;
			productType = "com.apple.product-type.bundle.unit-test";
		};
		6B2FCDF820C25B5100A2E6E7 /* phoneBookAPP DemoUITests */ = {
			isa = PBXNativeTarget;
			buildConfigurationList = 6B2FCE0820C25B5100A2E6E7 /* Build configuration list for PBXNativeTarget "phoneBookAPP DemoUITests" */;
			buildPhases = (
				6B2FCDF520C25B5100A2E6E7 /* Sources */,
				6B2FCDF620C25B5100A2E6E7 /* Frameworks */,
				6B2FCDF720C25B5100A2E6E7 /* Resources */,
			);
			buildRules = (
			);
			dependencies = (
				6B2FCDFB20C25B5100A2E6E7 /* PBXTargetDependency */,
			);
			name = "phoneBookAPP DemoUITests";
			productName = "phoneBookAPP DemoUITests";
			productReference = 6B2FCDF920C25B5100A2E6E7 /* phoneBookAPP DemoUITests.xctest */;
			productType = "com.apple.product-type.bundle.ui-testing";
		};
/* End PBXNativeTarget section */

/* Begin PBXProject section */
		6B2FCDCF20C25B4F00A2E6E7 /* Project object */ = {
			isa = PBXProject;
			attributes = {
				LastSwiftUpdateCheck = 0930;
				LastUpgradeCheck = 0930;
				ORGANIZATIONNAME = "Kuliza-241";
				TargetAttributes = {
					6B2FCDD620C25B4F00A2E6E7 = {
						CreatedOnToolsVersion = 9.3.1;
					};
					6B2FCDED20C25B5100A2E6E7 = {
						CreatedOnToolsVersion = 9.3.1;
						TestTargetID = 6B2FCDD620C25B4F00A2E6E7;
					};
					6B2FCDF820C25B5100A2E6E7 = {
						CreatedOnToolsVersion = 9.3.1;
						TestTargetID = 6B2FCDD620C25B4F00A2E6E7;
					};
				};
			};
			buildConfigurationList = 6B2FCDD220C25B4F00A2E6E7 /* Build configuration list for PBXProject "phoneBookAPP Demo" */;
			compatibilityVersion = "Xcode 9.3";
			developmentRegion = en;
			hasScannedForEncodings = 0;
			knownRegions = (
				en,
				Base,
			);
			mainGroup = 6B2FCDCE20C25B4F00A2E6E7;
			productRefGroup = 6B2FCDD820C25B4F00A2E6E7 /* Products */;
			projectDirPath = "";
			projectRoot = "";
			targets = (
				6B2FCDD620C25B4F00A2E6E7 /* phoneBookAPP Demo */,
				6B2FCDED20C25B5100A2E6E7 /* phoneBookAPP DemoTests */,
				6B2FCDF820C25B5100A2E6E7 /* phoneBookAPP DemoUITests */,
			);
		};
/* End PBXProject section */

/* Begin PBXResourcesBuildPhase section */
		6B2FCDD520C25B4F00A2E6E7 /* Resources */ = {
			isa = PBXResourcesBuildPhase;
			buildActionMask = 2147483647;
			files = (
				6B2FCDE820C25B5100A2E6E7 /* LaunchScreen.storyboard in Resources */,
				6B2FCDE520C25B5100A2E6E7 /* Assets.xcassets in Resources */,
				6B2FCDE020C25B4F00A2E6E7 /* Main.storyboard in Resources */,
			);
			runOnlyForDeploymentPostprocessing = 0;
		};
		6B2FCDEC20C25B5100A2E6E7 /* Resources */ = {
			isa = PBXResourcesBuildPhase;
			buildActionMask = 2147483647;
			files = (
			);
			runOnlyForDeploymentPostprocessing = 0;
		};
		6B2FCDF720C25B5100A2E6E7 /* Resources */ = {
			isa = PBXResourcesBuildPhase;
			buildActionMask = 2147483647;
			files = (
			);
			runOnlyForDeploymentPostprocessing = 0;
		};
/* End PBXResourcesBuildPhase section */

/* Begin PBXSourcesBuildPhase section */
		6B2FCDD320C25B4F00A2E6E7 /* Sources */ = {
			isa = PBXSourcesBuildPhase;
			buildActionMask = 2147483647;
			files = (
				6B2FCE0C20C2690C00A2E6E7 /* SaveContactViewController.swift in Sources */,
				6B2FCDDD20C25B4F00A2E6E7 /* ViewController.swift in Sources */,
				6B2FCDDB20C25B4F00A2E6E7 /* AppDelegate.swift in Sources */,
				6B2FCDE320C25B4F00A2E6E7 /* phoneBookAPP_Demo.xcdatamodeld in Sources */,
			);
			runOnlyForDeploymentPostprocessing = 0;
		};
		6B2FCDEA20C25B5100A2E6E7 /* Sources */ = {
			isa = PBXSourcesBuildPhase;
			buildActionMask = 2147483647;
			files = (
				6B2FCDF320C25B5100A2E6E7 /* phoneBookAPP_DemoTests.swift in Sources */,
			);
			runOnlyForDeploymentPostprocessing = 0;
		};
		6B2FCDF520C25B5100A2E6E7 /* Sources */ = {
			isa = PBXSourcesBuildPhase;
			buildActionMask = 2147483647;
			files = (
				6B2FCDFE20C25B5100A2E6E7 /* phoneBookAPP_DemoUITests.swift in Sources */,
			);
			runOnlyForDeploymentPostprocessing = 0;
		};
/* End PBXSourcesBuildPhase section */

/* Begin PBXTargetDependency section */
		6B2FCDF020C25B5100A2E6E7 /* PBXTargetDependency */ = {
			isa = PBXTargetDependency;
			target = 6B2FCDD620C25B4F00A2E6E7 /* phoneBookAPP Demo */;
			targetProxy = 6B2FCDEF20C25B5100A2E6E7 /* PBXContainerItemProxy */;
		};
		6B2FCDFB20C25B5100A2E6E7 /* PBXTargetDependency */ = {
			isa = PBXTargetDependency;
			target = 6B2FCDD620C25B4F00A2E6E7 /* phoneBookAPP Demo */;
			targetProxy = 6B2FCDFA20C25B5100A2E6E7 /* PBXContainerItemProxy */;
		};
/* End PBXTargetDependency section */

/* Begin PBXVariantGroup section */
		6B2FCDDE20C25B4F00A2E6E7 /* Main.storyboard */ = {
			isa = PBXVariantGroup;
			children = (
				6B2FCDDF20C25B4F00A2E6E7 /* Base */,
			);
			name = Main.storyboard;
			sourceTree = "<group>";
		};
		6B2FCDE620C25B5100A2E6E7 /* LaunchScreen.storyboard */ = {
			isa = PBXVariantGroup;
			children = (
				6B2FCDE720C25B5100A2E6E7 /* Base */,
			);
			name = LaunchScreen.storyboard;
			sourceTree = "<group>";
		};
/* End PBXVariantGroup section */

/* Begin XCBuildConfiguration section */
		6B2FCE0020C25B5100A2E6E7 /* Debug */ = {
			isa = XCBuildConfiguration;
			buildSettings = {
				ALWAYS_SEARCH_USER_PATHS = NO;
				CLANG_ANALYZER_NONNULL = YES;
				CLANG_ANALYZER_NUMBER_OBJECT_CONVERSION = YES_AGGRESSIVE;
				CLANG_CXX_LANGUAGE_STANDARD = "gnu++14";
				CLANG_CXX_LIBRARY = "libc++";
				CLANG_ENABLE_MODULES = YES;
				CLANG_ENABLE_OBJC_ARC = YES;
				CLANG_ENABLE_OBJC_WEAK = YES;
				CLANG_WARN_BLOCK_CAPTURE_AUTORELEASING = YES;
				CLANG_WARN_BOOL_CONVERSION = YES;
				CLANG_WARN_COMMA = YES;
				CLANG_WARN_CONSTANT_CONVERSION = YES;
				CLANG_WARN_DEPRECATED_OBJC_IMPLEMENTATIONS = YES;
				CLANG_WARN_DIRECT_OBJC_ISA_USAGE = YES_ERROR;
				CLANG_WARN_DOCUMENTATION_COMMENTS = YES;
				CLANG_WARN_EMPTY_BODY = YES;
				CLANG_WARN_ENUM_CONVERSION = YES;
				CLANG_WARN_INFINITE_RECURSION = YES;
				CLANG_WARN_INT_CONVERSION = YES;
				CLANG_WARN_NON_LITERAL_NULL_CONVERSION = YES;
				CLANG_WARN_OBJC_IMPLICIT_RETAIN_SELF = YES;
				CLANG_WARN_OBJC_LITERAL_CONVERSION = YES;
				CLANG_WARN_OBJC_ROOT_CLASS = YES_ERROR;
				CLANG_WARN_RANGE_LOOP_ANALYSIS = YES;
				CLANG_WARN_STRICT_PROTOTYPES = YES;
				CLANG_WARN_SUSPICIOUS_MOVE = YES;
				CLANG_WARN_UNGUARDED_AVAILABILITY = YES_AGGRESSIVE;
				CLANG_WARN_UNREACHABLE_CODE = YES;
				CLANG_WARN__DUPLICATE_METHOD_MATCH = YES;
				CODE_SIGN_IDENTITY = "iPhone Developer";
				COPY_PHASE_STRIP = NO;
				DEBUG_INFORMATION_FORMAT = dwarf;
				ENABLE_STRICT_OBJC_MSGSEND = YES;
				ENABLE_TESTABILITY = YES;
				GCC_C_LANGUAGE_STANDARD = gnu11;
				GCC_DYNAMIC_NO_PIC = NO;
				GCC_NO_COMMON_BLOCKS = YES;
				GCC_OPTIMIZATION_LEVEL = 0;
				GCC_PREPROCESSOR_DEFINITIONS = (
					"DEBUG=1",
					"$(inherited)",
				);
				GCC_WARN_64_TO_32_BIT_CONVERSION = YES;
				GCC_WARN_ABOUT_RETURN_TYPE = YES_ERROR;
				GCC_WARN_UNDECLARED_SELECTOR = YES;
				GCC_WARN_UNINITIALIZED_AUTOS = YES_AGGRESSIVE;
				GCC_WARN_UNUSED_FUNCTION = YES;
				GCC_WARN_UNUSED_VARIABLE = YES;
				IPHONEOS_DEPLOYMENT_TARGET = 11.3;
				MTL_ENABLE_DEBUG_INFO = YES;
				ONLY_ACTIVE_ARCH = YES;
				SDKROOT = iphoneos;
				SWIFT_ACTIVE_COMPILATION_CONDITIONS = DEBUG;
				SWIFT_OPTIMIZATION_LEVEL = "-Onone";
			};
			name = Debug;
		};
		6B2FCE0120C25B5100A2E6E7 /* Release */ = {
			isa = XCBuildConfiguration;
			buildSettings = {
				ALWAYS_SEARCH_USER_PATHS = NO;
				CLANG_ANALYZER_NONNULL = YES;
				CLANG_ANALYZER_NUMBER_OBJECT_CONVERSION = YES_AGGRESSIVE;
				CLANG_CXX_LANGUAGE_STANDARD = "gnu++14";
				CLANG_CXX_LIBRARY = "libc++";
				CLANG_ENABLE_MODULES = YES;
				CLANG_ENABLE_OBJC_ARC = YES;
				CLANG_ENABLE_OBJC_WEAK = YES;
				CLANG_WARN_BLOCK_CAPTURE_AUTORELEASING = YES;
				CLANG_WARN_BOOL_CONVERSION = YES;
				CLANG_WARN_COMMA = YES;
				CLANG_WARN_CONSTANT_CONVERSION = YES;
				CLANG_WARN_DEPRECATED_OBJC_IMPLEMENTATIONS = YES;
				CLANG_WARN_DIRECT_OBJC_ISA_USAGE = YES_ERROR;
				CLANG_WARN_DOCUMENTATION_COMMENTS = YES;
				CLANG_WARN_EMPTY_BODY = YES;
				CLANG_WARN_ENUM_CONVERSION = YES;
				CLANG_WARN_INFINITE_RECURSION = YES;
				CLANG_WARN_INT_CONVERSION = YES;
				CLANG_WARN_NON_LITERAL_NULL_CONVERSION = YES;
				CLANG_WARN_OBJC_IMPLICIT_RETAIN_SELF = YES;
				CLANG_WARN_OBJC_LITERAL_CONVERSION = YES;
				CLANG_WARN_OBJC_ROOT_CLASS = YES_ERROR;
				CLANG_WARN_RANGE_LOOP_ANALYSIS = YES;
				CLANG_WARN_STRICT_PROTOTYPES = YES;
				CLANG_WARN_SUSPICIOUS_MOVE = YES;
				CLANG_WARN_UNGUARDED_AVAILABILITY = YES_AGGRESSIVE;
				CLANG_WARN_UNREACHABLE_CODE = YES;
				CLANG_WARN__DUPLICATE_METHOD_MATCH = YES;
				CODE_SIGN_IDENTITY = "iPhone Developer";
				COPY_PHASE_STRIP = NO;
				DEBUG_INFORMATION_FORMAT = "dwarf-with-dsym";
				ENABLE_NS_ASSERTIONS = NO;
				ENABLE_STRICT_OBJC_MSGSEND = YES;
				GCC_C_LANGUAGE_STANDARD = gnu11;
				GCC_NO_COMMON_BLOCKS = YES;
				GCC_WARN_64_TO_32_BIT_CONVERSION = YES;
				GCC_WARN_ABOUT_RETURN_TYPE = YES_ERROR;
				GCC_WARN_UNDECLARED_SELECTOR = YES;
				GCC_WARN_UNINITIALIZED_AUTOS = YES_AGGRESSIVE;
				GCC_WARN_UNUSED_FUNCTION = YES;
				GCC_WARN_UNUSED_VARIABLE = YES;
				IPHONEOS_DEPLOYMENT_TARGET = 11.3;
				MTL_ENABLE_DEBUG_INFO = NO;
				SDKROOT = iphoneos;
				SWIFT_COMPILATION_MODE = wholemodule;
				SWIFT_OPTIMIZATION_LEVEL = "-O";
				VALIDATE_PRODUCT = YES;
			};
			name = Release;
		};
		6B2FCE0320C25B5100A2E6E7 /* Debug */ = {
			isa = XCBuildConfiguration;
			buildSettings = {
				ASSETCATALOG_COMPILER_APPICON_NAME = AppIcon;
				CODE_SIGN_STYLE = Automatic;
				DEVELOPMENT_TEAM = M35DLYREN6;
				INFOPLIST_FILE = "phoneBookAPP Demo/Info.plist";
				LD_RUNPATH_SEARCH_PATHS = (
					"$(inherited)",
					"@executable_path/Frameworks",
				);
				PRODUCT_BUNDLE_IDENTIFIER = "phoneBook.phoneBookAPP-Demo";
				PRODUCT_NAME = "$(TARGET_NAME)";
				SWIFT_VERSION = 4.0;
				TARGETED_DEVICE_FAMILY = "1,2";
			};
			name = Debug;
		};
		6B2FCE0420C25B5100A2E6E7 /* Release */ = {
			isa = XCBuildConfiguration;
			buildSettings = {
				ASSETCATALOG_COMPILER_APPICON_NAME = AppIcon;
				CODE_SIGN_STYLE = Automatic;
				DEVELOPMENT_TEAM = M35DLYREN6;
				INFOPLIST_FILE = "phoneBookAPP Demo/Info.plist";
				LD_RUNPATH_SEARCH_PATHS = (
					"$(inherited)",
					"@executable_path/Frameworks",
				);
				PRODUCT_BUNDLE_IDENTIFIER = "phoneBook.phoneBookAPP-Demo";
				PRODUCT_NAME = "$(TARGET_NAME)";
				SWIFT_VERSION = 4.0;
				TARGETED_DEVICE_FAMILY = "1,2";
			};
			name = Release;
		};
		6B2FCE0620C25B5100A2E6E7 /* Debug */ = {
			isa = XCBuildConfiguration;
			buildSettings = {
				ALWAYS_EMBED_SWIFT_STANDARD_LIBRARIES = YES;
				BUNDLE_LOADER = "$(TEST_HOST)";
				CODE_SIGN_STYLE = Automatic;
				DEVELOPMENT_TEAM = M35DLYREN6;
				INFOPLIST_FILE = "phoneBookAPP DemoTests/Info.plist";
				LD_RUNPATH_SEARCH_PATHS = (
					"$(inherited)",
					"@executable_path/Frameworks",
					"@loader_path/Frameworks",
				);
				PRODUCT_BUNDLE_IDENTIFIER = "phoneBook.phoneBookAPP-DemoTests";
				PRODUCT_NAME = "$(TARGET_NAME)";
				SWIFT_VERSION = 4.0;
				TARGETED_DEVICE_FAMILY = "1,2";
				TEST_HOST = "$(BUILT_PRODUCTS_DIR)/phoneBookAPP Demo.app/phoneBookAPP Demo";
			};
			name = Debug;
		};
		6B2FCE0720C25B5100A2E6E7 /* Release */ = {
			isa = XCBuildConfiguration;
			buildSettings = {
				ALWAYS_EMBED_SWIFT_STANDARD_LIBRARIES = YES;
				BUNDLE_LOADER = "$(TEST_HOST)";
				CODE_SIGN_STYLE = Automatic;
				DEVELOPMENT_TEAM = M35DLYREN6;
				INFOPLIST_FILE = "phoneBookAPP DemoTests/Info.plist";
				LD_RUNPATH_SEARCH_PATHS = (
					"$(inherited)",
					"@executable_path/Frameworks",
					"@loader_path/Frameworks",
				);
				PRODUCT_BUNDLE_IDENTIFIER = "phoneBook.phoneBookAPP-DemoTests";
				PRODUCT_NAME = "$(TARGET_NAME)";
				SWIFT_VERSION = 4.0;
				TARGETED_DEVICE_FAMILY = "1,2";
				TEST_HOST = "$(BUILT_PRODUCTS_DIR)/phoneBookAPP Demo.app/phoneBookAPP Demo";
			};
			name = Release;
		};
		6B2FCE0920C25B5100A2E6E7 /* Debug */ = {
			isa = XCBuildConfiguration;
			buildSettings = {
				ALWAYS_EMBED_SWIFT_STANDARD_LIBRARIES = YES;
				CODE_SIGN_STYLE = Automatic;
				DEVELOPMENT_TEAM = M35DLYREN6;
				INFOPLIST_FILE = "phoneBookAPP DemoUITests/Info.plist";
				LD_RUNPATH_SEARCH_PATHS = (
					"$(inherited)",
					"@executable_path/Frameworks",
					"@loader_path/Frameworks",
				);
				PRODUCT_BUNDLE_IDENTIFIER = "phoneBook.phoneBookAPP-DemoUITests";
				PRODUCT_NAME = "$(TARGET_NAME)";
				SWIFT_VERSION = 4.0;
				TARGETED_DEVICE_FAMILY = "1,2";
				TEST_TARGET_NAME = "phoneBookAPP Demo";
			};
			name = Debug;
		};
		6B2FCE0A20C25B5100A2E6E7 /* Release */ = {
			isa = XCBuildConfiguration;
			buildSettings = {
				ALWAYS_EMBED_SWIFT_STANDARD_LIBRARIES = YES;
				CODE_SIGN_STYLE = Automatic;
				DEVELOPMENT_TEAM = M35DLYREN6;
				INFOPLIST_FILE = "phoneBookAPP DemoUITests/Info.plist";
				LD_RUNPATH_SEARCH_PATHS = (
					"$(inherited)",
					"@executable_path/Frameworks",
					"@loader_path/Frameworks",
				);
				PRODUCT_BUNDLE_IDENTIFIER = "phoneBook.phoneBookAPP-DemoUITests";
				PRODUCT_NAME = "$(TARGET_NAME)";
				SWIFT_VERSION = 4.0;
				TARGETED_DEVICE_FAMILY = "1,2";
				TEST_TARGET_NAME = "phoneBookAPP Demo";
			};
			name = Release;
		};
/* End XCBuildConfiguration section */

/* Begin XCConfigurationList section */
		6B2FCDD220C25B4F00A2E6E7 /* Build configuration list for PBXProject "phoneBookAPP Demo" */ = {
			isa = XCConfigurationList;
			buildConfigurations = (
				6B2FCE0020C25B5100A2E6E7 /* Debug */,
				6B2FCE0120C25B5100A2E6E7 /* Release */,
			);
			defaultConfigurationIsVisible = 0;
			defaultConfigurationName = Release;
		};
		6B2FCE0220C25B5100A2E6E7 /* Build configuration list for PBXNativeTarget "phoneBookAPP Demo" */ = {
			isa = XCConfigurationList;
			buildConfigurations = (
				6B2FCE0320C25B5100A2E6E7 /* Debug */,
				6B2FCE0420C25B5100A2E6E7 /* Release */,
			);
			defaultConfigurationIsVisible = 0;
			defaultConfigurationName = Release;
		};
		6B2FCE0520C25B5100A2E6E7 /* Build configuration list for PBXNativeTarget "phoneBookAPP DemoTests" */ = {
			isa = XCConfigurationList;
			buildConfigurations = (
				6B2FCE0620C25B5100A2E6E7 /* Debug */,
				6B2FCE0720C25B5100A2E6E7 /* Release */,
			);
			defaultConfigurationIsVisible = 0;
			defaultConfigurationName = Release;
		};
		6B2FCE0820C25B5100A2E6E7 /* Build configuration list for PBXNativeTarget "phoneBookAPP DemoUITests" */ = {
			isa = XCConfigurationList;
			buildConfigurations = (
				6B2FCE0920C25B5100A2E6E7 /* Debug */,
				6B2FCE0A20C25B5100A2E6E7 /* Release */,
			);
			defaultConfigurationIsVisible = 0;
			defaultConfigurationName = Release;
		};
/* End XCConfigurationList section */

/* Begin XCVersionGroup section */
		6B2FCDE120C25B4F00A2E6E7 /* phoneBookAPP_Demo.xcdatamodeld */ = {
			isa = XCVersionGroup;
			children = (
				6B2FCDE220C25B4F00A2E6E7 /* phoneBookAPP_Demo.xcdatamodel */,
			);
			currentVersion = 6B2FCDE220C25B4F00A2E6E7 /* phoneBookAPP_Demo.xcdatamodel */;
			path = phoneBookAPP_Demo.xcdatamodeld;
			sourceTree = "<group>";
			versionGroupType = wrapper.xcdatamodel;
		};
/* End XCVersionGroup section */
	};
	rootObject = 6B2FCDCF20C25B4F00A2E6E7 /* Project object */;
}
